
Microsoft Visual Studio Solution File, Format Version 12.00
# Visual Studio Version 16
VisualStudioVersion = 16.0.31729.503
MinimumVisualStudioVersion = 10.0.40219.1
Project("{9A19103F-16F7-4668-BE54-9A1E7A4F7556}") = "Malabarista.API", "Malabarista.API\Malabarista.API.csproj", "{86DFBBF3-2271-4D47-B881-7FFF541DD567}"
	ProjectSection(ProjectDependencies) = postProject
		{B30E7396-DAB5-4A86-9FBF-DD432C06D089} = {B30E7396-DAB5-4A86-9FBF-DD432C06D089}
	EndProjectSection
EndProject
Project("{9A19103F-16F7-4668-BE54-9A1E7A4F7556}") = "Malabarista.Domain", "Malabarista.Domain\Malabarista.Domain.csproj", "{E93650DD-73C0-432D-8000-463830662226}"
EndProject
Project("{9A19103F-16F7-4668-BE54-9A1E7A4F7556}") = "Malabarista.Infra", "Malabarista.Infra\Malabarista.Infra.csproj", "{B30E7396-DAB5-4A86-9FBF-DD432C06D089}"
	ProjectSection(ProjectDependencies) = postProject
		{E93650DD-73C0-432D-8000-463830662226} = {E93650DD-73C0-432D-8000-463830662226}
	EndProjectSection
EndProject
Project("{9A19103F-16F7-4668-BE54-9A1E7A4F7556}") = "Malabarista.Application", "Malabarista.Application\Malabarista.Application.csproj", "{EA7BC64E-A0F4-4258-9FB6-B0FAFDE6CD8E}"
EndProject
Project("{9A19103F-16F7-4668-BE54-9A1E7A4F7556}") = "Malabarista.CrossCutting", "Malabarista.CrossCutting\Malabarista.CrossCutting.csproj", "{5E9EB150-7334-4E18-819D-8A19667D3D41}"
	ProjectSection(ProjectDependencies) = postProject
		{EA7BC64E-A0F4-4258-9FB6-B0FAFDE6CD8E} = {EA7BC64E-A0F4-4258-9FB6-B0FAFDE6CD8E}
		{B30E7396-DAB5-4A86-9FBF-DD432C06D089} = {B30E7396-DAB5-4A86-9FBF-DD432C06D089}
		{E93650DD-73C0-432D-8000-463830662226} = {E93650DD-73C0-432D-8000-463830662226}
	EndProjectSection
EndProject
Project("{9A19103F-16F7-4668-BE54-9A1E7A4F7556}") = "Malabarista.Web", "Malabarista.Web\Malabarista.Web.csproj", "{15635E6C-1395-438D-B7DA-046BA23F024D}"
EndProject
Global
	GlobalSection(SolutionConfigurationPlatforms) = preSolution
		Debug|Any CPU = Debug|Any CPU
		Release|Any CPU = Release|Any CPU
	EndGlobalSection
	GlobalSection(ProjectConfigurationPlatforms) = postSolution
		{86DFBBF3-2271-4D47-B881-7FFF541DD567}.Debug|Any CPU.ActiveCfg = Debug|Any CPU
		{86DFBBF3-2271-4D47-B881-7FFF541DD567}.Debug|Any CPU.Build.0 = Debug|Any CPU
		{86DFBBF3-2271-4D47-B881-7FFF541DD567}.Release|Any CPU.ActiveCfg = Release|Any CPU
		{86DFBBF3-2271-4D47-B881-7FFF541DD567}.Release|Any CPU.Build.0 = Release|Any CPU
		{E93650DD-73C0-432D-8000-463830662226}.Debug|Any CPU.ActiveCfg = Debug|Any CPU
		{E93650DD-73C0-432D-8000-463830662226}.Debug|Any CPU.Build.0 = Debug|Any CPU
		{E93650DD-73C0-432D-8000-463830662226}.Release|Any CPU.ActiveCfg = Release|Any CPU
		{E93650DD-73C0-432D-8000-463830662226}.Release|Any CPU.Build.0 = Release|Any CPU
		{B30E7396-DAB5-4A86-9FBF-DD432C06D089}.Debug|Any CPU.ActiveCfg = Debug|Any CPU
		{B30E7396-DAB5-4A86-9FBF-DD432C06D089}.Debug|Any CPU.Build.0 = Debug|Any CPU
		{B30E7396-DAB5-4A86-9FBF-DD432C06D089}.Release|Any CPU.ActiveCfg = Release|Any CPU
		{B30E7396-DAB5-4A86-9FBF-DD432C06D089}.Release|Any CPU.Build.0 = Release|Any CPU
		{EA7BC64E-A0F4-4258-9FB6-B0FAFDE6CD8E}.Debug|Any CPU.ActiveCfg = Debug|Any CPU
		{EA7BC64E-A0F4-4258-9FB6-B0FAFDE6CD8E}.Debug|Any CPU.Build.0 = Debug|Any CPU
		{EA7BC64E-A0F4-4258-9FB6-B0FAFDE6CD8E}.Release|Any CPU.ActiveCfg = Release|Any CPU
		{EA7BC64E-A0F4-4258-9FB6-B0FAFDE6CD8E}.Release|Any CPU.Build.0 = Release|Any CPU
		{5E9EB150-7334-4E18-819D-8A19667D3D41}.Debug|Any CPU.ActiveCfg = Debug|Any CPU
		{5E9EB150-7334-4E18-819D-8A19667D3D41}.Debug|Any CPU.Build.0 = Debug|Any CPU
		{5E9EB150-7334-4E18-819D-8A19667D3D41}.Release|Any CPU.ActiveCfg = Release|Any CPU
		{5E9EB150-7334-4E18-819D-8A19667D3D41}.Release|Any CPU.Build.0 = Release|Any CPU
		{15635E6C-1395-438D-B7DA-046BA23F024D}.Debug|Any CPU.ActiveCfg = Debug|Any CPU
		{15635E6C-1395-438D-B7DA-046BA23F024D}.Debug|Any CPU.Build.0 = Debug|Any CPU
		{15635E6C-1395-438D-B7DA-046BA23F024D}.Release|Any CPU.ActiveCfg = Release|Any CPU
		{15635E6C-1395-438D-B7DA-046BA23F024D}.Release|Any CPU.Build.0 = Release|Any CPU
	EndGlobalSection
	GlobalSection(SolutionProperties) = preSolution
		HideSolutionNode = FALSE
	EndGlobalSection
	GlobalSection(ExtensibilityGlobals) = postSolution
		SolutionGuid = {07F62FC5-916F-4256-95B7-72A4C244709C}
	EndGlobalSection
EndGlobal
